lockfileVersion: '9.0'

settings:
  autoInstallPeers: true
  excludeLinksFromLockfile: false

importers:

  .:
    dependencies:
      lightningcss:
        specifier: ^1.28.2
        version: 1.28.2
    devDependencies:
      '@types/node':
        specifier: ^20.10.6
        version: 20.17.12
      typescript:
        specifier: ^5.3.3
        version: 5.7.2
      vite:
        specifier: ^5.0.10
        version: 5.4.11(@types/node@20.17.12)(lightningcss@1.28.2)

packages:

  '@esbuild/aix-ppc64@0.21.5':
    resolution: {integrity: sha512-1SDgH6ZSPTlggy1yI6+Dbkiz8xzpHJEVAlF/AM1tHPLsf5STom9rwtjE4hKAF20FfXXNTFqEYXyJNWh1GiZedQ==}
    engines: {node: '>=12'}
    cpu: [ppc64]
    os: [aix]

  '@esbuild/android-arm64@0.21.5':
    resolution: {integrity: sha512-c0uX9VAUBQ7dTDCjq+wdyGLowMdtR/GoC2U5IYk/7D1H1JYC0qseD7+11iMP2mRLN9RcCMRcjC4YMclCzGwS/A==}
    engines: {node: '>=12'}
    cpu: [arm64]
    os: [android]

  '@esbuild/android-arm@0.21.5':
    resolution: {integrity: sha512-vCPvzSjpPHEi1siZdlvAlsPxXl7WbOVUBBAowWug4rJHb68Ox8KualB+1ocNvT5fjv6wpkX6o/iEpbDrf68zcg==}
    engines: {node: '>=12'}
    cpu: [arm]
    os: [android]

  '@esbuild/android-x64@0.21.5':
    resolution: {integrity: sha512-D7aPRUUNHRBwHxzxRvp856rjUHRFW1SdQATKXH2hqA0kAZb1hKmi02OpYRacl0TxIGz/ZmXWlbZgjwWYaCakTA==}
    engines: {node: '>=12'}
    cpu: [x64]
    os: [android]

  '@esbuild/darwin-arm64@0.21.5':
    resolution: {integrity: sha512-DwqXqZyuk5AiWWf3UfLiRDJ5EDd49zg6O9wclZ7kUMv2WRFr4HKjXp/5t8JZ11QbQfUS6/cRCKGwYhtNAY88kQ==}
    engines: {node: '>=12'}
    cpu: [arm64]
    os: [darwin]

  '@esbuild/darwin-x64@0.21.5':
    resolution: {integrity: sha512-se/JjF8NlmKVG4kNIuyWMV/22ZaerB+qaSi5MdrXtd6R08kvs2qCN4C09miupktDitvh8jRFflwGFBQcxZRjbw==}
    engines: {node: '>=12'}
    cpu: [x64]
    os: [darwin]

  '@esbuild/freebsd-arm64@0.21.5':
    resolution: {integrity: sha512-5JcRxxRDUJLX8JXp/wcBCy3pENnCgBR9bN6JsY4OmhfUtIHe3ZW0mawA7+RDAcMLrMIZaf03NlQiX9DGyB8h4g==}
    engines: {node: '>=12'}
    cpu: [arm64]
    os: [freebsd]

  '@esbuild/freebsd-x64@0.21.5':
    resolution: {integrity: sha512-J95kNBj1zkbMXtHVH29bBriQygMXqoVQOQYA+ISs0/2l3T9/kj42ow2mpqerRBxDJnmkUDCaQT/dfNXWX/ZZCQ==}
    engines: {node: '>=12'}
    cpu: [x64]
    os: [freebsd]

  '@esbuild/linux-arm64@0.21.5':
    resolution: {integrity: sha512-ibKvmyYzKsBeX8d8I7MH/TMfWDXBF3db4qM6sy+7re0YXya+K1cem3on9XgdT2EQGMu4hQyZhan7TeQ8XkGp4Q==}
    engines: {node: '>=12'}
    cpu: [arm64]
    os: [linux]

  '@esbuild/linux-arm@0.21.5':
    resolution: {integrity: sha512-bPb5AHZtbeNGjCKVZ9UGqGwo8EUu4cLq68E95A53KlxAPRmUyYv2D6F0uUI65XisGOL1hBP5mTronbgo+0bFcA==}
    engines: {node: '>=12'}
    cpu: [arm]
    os: [linux]

  '@esbuild/linux-ia32@0.21.5':
    resolution: {integrity: sha512-YvjXDqLRqPDl2dvRODYmmhz4rPeVKYvppfGYKSNGdyZkA01046pLWyRKKI3ax8fbJoK5QbxblURkwK/MWY18Tg==}
    engines: {node: '>=12'}
    cpu: [ia32]
    os: [linux]

  '@esbuild/linux-loong64@0.21.5':
    resolution: {integrity: sha512-uHf1BmMG8qEvzdrzAqg2SIG/02+4/DHB6a9Kbya0XDvwDEKCoC8ZRWI5JJvNdUjtciBGFQ5PuBlpEOXQj+JQSg==}
    engines: {node: '>=12'}
    cpu: [loong64]
    os: [linux]

  '@esbuild/linux-mips64el@0.21.5':
    resolution: {integrity: sha512-IajOmO+KJK23bj52dFSNCMsz1QP1DqM6cwLUv3W1QwyxkyIWecfafnI555fvSGqEKwjMXVLokcV5ygHW5b3Jbg==}
    engines: {node: '>=12'}
    cpu: [mips64el]
    os: [linux]

  '@esbuild/linux-ppc64@0.21.5':
    resolution: {integrity: sha512-1hHV/Z4OEfMwpLO8rp7CvlhBDnjsC3CttJXIhBi+5Aj5r+MBvy4egg7wCbe//hSsT+RvDAG7s81tAvpL2XAE4w==}
    engines: {node: '>=12'}
    cpu: [ppc64]
    os: [linux]

  '@esbuild/linux-riscv64@0.21.5':
    resolution: {integrity: sha512-2HdXDMd9GMgTGrPWnJzP2ALSokE/0O5HhTUvWIbD3YdjME8JwvSCnNGBnTThKGEB91OZhzrJ4qIIxk/SBmyDDA==}
    engines: {node: '>=12'}
    cpu: [riscv64]
    os: [linux]

  '@esbuild/linux-s390x@0.21.5':
    resolution: {integrity: sha512-zus5sxzqBJD3eXxwvjN1yQkRepANgxE9lgOW2qLnmr8ikMTphkjgXu1HR01K4FJg8h1kEEDAqDcZQtbrRnB41A==}
    engines: {node: '>=12'}
    cpu: [s390x]
    os: [linux]

  '@esbuild/linux-x64@0.21.5':
    resolution: {integrity: sha512-1rYdTpyv03iycF1+BhzrzQJCdOuAOtaqHTWJZCWvijKD2N5Xu0TtVC8/+1faWqcP9iBCWOmjmhoH94dH82BxPQ==}
    engines: {node: '>=12'}
    cpu: [x64]
    os: [linux]

  '@esbuild/netbsd-x64@0.21.5':
    resolution: {integrity: sha512-Woi2MXzXjMULccIwMnLciyZH4nCIMpWQAs049KEeMvOcNADVxo0UBIQPfSmxB3CWKedngg7sWZdLvLczpe0tLg==}
    engines: {node: '>=12'}
    cpu: [x64]
    os: [netbsd]

  '@esbuild/openbsd-x64@0.21.5':
    resolution: {integrity: sha512-HLNNw99xsvx12lFBUwoT8EVCsSvRNDVxNpjZ7bPn947b8gJPzeHWyNVhFsaerc0n3TsbOINvRP2byTZ5LKezow==}
    engines: {node: '>=12'}
    cpu: [x64]
    os: [openbsd]

  '@esbuild/sunos-x64@0.21.5':
    resolution: {integrity: sha512-6+gjmFpfy0BHU5Tpptkuh8+uw3mnrvgs+dSPQXQOv3ekbordwnzTVEb4qnIvQcYXq6gzkyTnoZ9dZG+D4garKg==}
    engines: {node: '>=12'}
    cpu: [x64]
    os: [sunos]

  '@esbuild/win32-arm64@0.21.5':
    resolution: {integrity: sha512-Z0gOTd75VvXqyq7nsl93zwahcTROgqvuAcYDUr+vOv8uHhNSKROyU961kgtCD1e95IqPKSQKH7tBTslnS3tA8A==}
    engines: {node: '>=12'}
    cpu: [arm64]
    os: [win32]

  '@esbuild/win32-ia32@0.21.5':
    resolution: {integrity: sha512-SWXFF1CL2RVNMaVs+BBClwtfZSvDgtL//G/smwAc5oVK/UPu2Gu9tIaRgFmYFFKrmg3SyAjSrElf0TiJ1v8fYA==}
    engines: {node: '>=12'}
    cpu: [ia32]
    os: [win32]

  '@esbuild/win32-x64@0.21.5':
    resolution: {integrity: sha512-tQd/1efJuzPC6rCFwEvLtci/xNFcTZknmXs98FYDfGE4wP9ClFV98nyKrzJKVPMhdDnjzLhdUyMX4PsQAPjwIw==}
    engines: {node: '>=12'}
    cpu: [x64]
    os: [win32]

  '@rollup/rollup-android-arm-eabi@4.30.0':
    resolution: {integrity: sha512-qFcFto9figFLz2g25DxJ1WWL9+c91fTxnGuwhToCl8BaqDsDYMl/kOnBXAyAqkkzAWimYMSWNPWEjt+ADAHuoQ==}
    cpu: [arm]
    os: [android]

  '@rollup/rollup-android-arm64@4.30.0':
    resolution: {integrity: sha512-vqrQdusvVl7dthqNjWCL043qelBK+gv9v3ZiqdxgaJvmZyIAAXMjeGVSqZynKq69T7062T5VrVTuikKSAAVP6A==}
    cpu: [arm64]
    os: [android]

  '@rollup/rollup-darwin-arm64@4.30.0':
    resolution: {integrity: sha512-617pd92LhdA9+wpixnzsyhVft3szYiN16aNUMzVkf2N+yAk8UXY226Bfp36LvxYTUt7MO/ycqGFjQgJ0wlMaWQ==}
    cpu: [arm64]
    os: [darwin]

  '@rollup/rollup-darwin-x64@4.30.0':
    resolution: {integrity: sha512-Y3b4oDoaEhCypg8ajPqigKDcpi5ZZovemQl9Edpem0uNv6UUjXv7iySBpGIUTSs2ovWOzYpfw9EbFJXF/fJHWw==}
    cpu: [x64]
    os: [darwin]

  '@rollup/rollup-freebsd-arm64@4.30.0':
    resolution: {integrity: sha512-3REQJ4f90sFIBfa0BUokiCdrV/E4uIjhkWe1bMgCkhFXbf4D8YN6C4zwJL881GM818qVYE9BO3dGwjKhpo2ABA==}
    cpu: [arm64]
    os: [freebsd]

  '@rollup/rollup-freebsd-x64@4.30.0':
    resolution: {integrity: sha512-ZtY3Y8icbe3Cc+uQicsXG5L+CRGUfLZjW6j2gn5ikpltt3Whqjfo5mkyZ86UiuHF9Q3ZsaQeW7YswlHnN+lAcg==}
    cpu: [x64]
    os: [freebsd]

  '@rollup/rollup-linux-arm-gnueabihf@4.30.0':
    resolution: {integrity: sha512-bsPGGzfiHXMhQGuFGpmo2PyTwcrh2otL6ycSZAFTESviUoBOuxF7iBbAL5IJXc/69peXl5rAtbewBFeASZ9O0g==}
    cpu: [arm]
    os: [linux]

  '@rollup/rollup-linux-arm-musleabihf@4.30.0':
    resolution: {integrity: sha512-kvyIECEhs2DrrdfQf++maCWJIQ974EI4txlz1nNSBaCdtf7i5Xf1AQCEJWOC5rEBisdaMFFnOWNLYt7KpFqy5A==}
    cpu: [arm]
    os: [linux]

  '@rollup/rollup-linux-arm64-gnu@4.30.0':
    resolution: {integrity: sha512-CFE7zDNrokaotXu+shwIrmWrFxllg79vciH4E/zeK7NitVuWEaXRzS0mFfFvyhZfn8WfVOG/1E9u8/DFEgK7WQ==}
    cpu: [arm64]
    os: [linux]

  '@rollup/rollup-linux-arm64-musl@4.30.0':
    resolution: {integrity: sha512-MctNTBlvMcIBP0t8lV/NXiUwFg9oK5F79CxLU+a3xgrdJjfBLVIEHSAjQ9+ipofN2GKaMLnFFXLltg1HEEPaGQ==}
    cpu: [arm64]
    os: [linux]

  '@rollup/rollup-linux-loongarch64-gnu@4.30.0':
    resolution: {integrity: sha512-fBpoYwLEPivL3q368+gwn4qnYnr7GVwM6NnMo8rJ4wb0p/Y5lg88vQRRP077gf+tc25akuqd+1Sxbn9meODhwA==}
    cpu: [loong64]
    os: [linux]

  '@rollup/rollup-linux-powerpc64le-gnu@4.30.0':
    resolution: {integrity: sha512-1hiHPV6dUaqIMXrIjN+vgJqtfkLpqHS1Xsg0oUfUVD98xGp1wX89PIXgDF2DWra1nxAd8dfE0Dk59MyeKaBVAw==}
    cpu: [ppc64]
    os: [linux]

  '@rollup/rollup-linux-riscv64-gnu@4.30.0':
    resolution: {integrity: sha512-U0xcC80SMpEbvvLw92emHrNjlS3OXjAM0aVzlWfar6PR0ODWCTQtKeeB+tlAPGfZQXicv1SpWwRz9Hyzq3Jx3g==}
    cpu: [riscv64]
    os: [linux]

  '@rollup/rollup-linux-s390x-gnu@4.30.0':
    resolution: {integrity: sha512-VU/P/IODrNPasgZDLIFJmMiLGez+BN11DQWfTVlViJVabyF3JaeaJkP6teI8760f18BMGCQOW9gOmuzFaI1pUw==}
    cpu: [s390x]
    os: [linux]

  '@rollup/rollup-linux-x64-gnu@4.30.0':
    resolution: {integrity: sha512-laQVRvdbKmjXuFA3ZiZj7+U24FcmoPlXEi2OyLfbpY2MW1oxLt9Au8q9eHd0x6Pw/Kw4oe9gwVXWwIf2PVqblg==}
    cpu: [x64]
    os: [linux]

  '@rollup/rollup-linux-x64-musl@4.30.0':
    resolution: {integrity: sha512-3wzKzduS7jzxqcOvy/ocU/gMR3/QrHEFLge5CD7Si9fyHuoXcidyYZ6jyx8OPYmCcGm3uKTUl+9jUSAY74Ln5A==}
    cpu: [x64]
    os: [linux]

  '@rollup/rollup-win32-arm64-msvc@4.30.0':
    resolution: {integrity: sha512-jROwnI1+wPyuv696rAFHp5+6RFhXGGwgmgSfzE8e4xfit6oLRg7GyMArVUoM3ChS045OwWr9aTnU+2c1UdBMyw==}
    cpu: [arm64]
    os: [win32]

  '@rollup/rollup-win32-ia32-msvc@4.30.0':
    resolution: {integrity: sha512-duzweyup5WELhcXx5H1jokpr13i3BV9b48FMiikYAwk/MT1LrMYYk2TzenBd0jj4ivQIt58JWSxc19y4SvLP4g==}
    cpu: [ia32]
    os: [win32]

  '@rollup/rollup-win32-x64-msvc@4.30.0':
    resolution: {integrity: sha512-DYvxS0M07PvgvavMIybCOBYheyrqlui6ZQBHJs6GqduVzHSZ06TPPvlfvnYstjODHQ8UUXFwt5YE+h0jFI8kwg==}
    cpu: [x64]
    os: [win32]

  '@types/estree@1.0.6':
    resolution: {integrity: sha512-AYnb1nQyY49te+VRAVgmzfcgjYS91mY5P0TKUDCLEM+gNnA+3T6rWITXRLYCpahpqSQbN5cE+gHpnPyXjHWxcw==}

  '@types/node@20.17.12':
    resolution: {integrity: sha512-vo/wmBgMIiEA23A/knMfn/cf37VnuF52nZh5ZoW0GWt4e4sxNquibrMRJ7UQsA06+MBx9r/H1jsI9grYjQCQlw==}

  detect-libc@1.0.3:
    resolution: {integrity: sha512-pGjwhsmsp4kL2RTz08wcOlGN83otlqHeD/Z5T8GXZB+/YcpQ/dgo+lbU8ZsGxV0HIvqqxo9l7mqYwyYMD9bKDg==}
    engines: {node: '>=0.10'}
    hasBin: true

  esbuild@0.21.5:
    resolution: {integrity: sha512-mg3OPMV4hXywwpoDxu3Qda5xCKQi+vCTZq8S9J/EpkhB2HzKXq4SNFZE3+NK93JYxc8VMSep+lOUSC/RVKaBqw==}
    engines: {node: '>=12'}
    hasBin: true

  fsevents@2.3.3:
    resolution: {integrity: sha512-5xoDfX+fL7faATnagmWPpbFtwh/R77WmMMqqHGS65C3vvB0YHrgF+B1YmZ3441tMj5n63k0212XNoJwzlhffQw==}
    engines: {node: ^8.16.0 || ^10.6.0 || >=11.0.0}
    os: [darwin]

  lightningcss-darwin-arm64@1.28.2:
    resolution: {integrity: sha512-/8cPSqZiusHSS+WQz0W4NuaqFjquys1x+NsdN/XOHb+idGHJSoJ7SoQTVl3DZuAgtPZwFZgRfb/vd1oi8uX6+g==}
    engines: {node: '>= 12.0.0'}
    cpu: [arm64]
    os: [darwin]

  lightningcss-darwin-x64@1.28.2:
    resolution: {integrity: sha512-R7sFrXlgKjvoEG8umpVt/yutjxOL0z8KWf0bfPT3cYMOW4470xu5qSHpFdIOpRWwl3FKNMUdbKtMUjYt0h2j4g==}
    engines: {node: '>= 12.0.0'}
    cpu: [x64]
    os: [darwin]

  lightningcss-freebsd-x64@1.28.2:
    resolution: {integrity: sha512-l2qrCT+x7crAY+lMIxtgvV10R8VurzHAoUZJaVFSlHrN8kRLTvEg9ObojIDIexqWJQvJcVVV3vfzsEynpiuvgA==}
    engines: {node: '>= 12.0.0'}
    cpu: [x64]
    os: [freebsd]

  lightningcss-linux-arm-gnueabihf@1.28.2:
    resolution: {integrity: sha512-DKMzpICBEKnL53X14rF7hFDu8KKALUJtcKdFUCW5YOlGSiwRSgVoRjM97wUm/E0NMPkzrTi/rxfvt7ruNK8meg==}
    engines: {node: '>= 12.0.0'}
    cpu: [arm]
    os: [linux]

  lightningcss-linux-arm64-gnu@1.28.2:
    resolution: {integrity: sha512-nhfjYkfymWZSxdtTNMWyhFk2ImUm0X7NAgJWFwnsYPOfmtWQEapzG/DXZTfEfMjSzERNUNJoQjPAbdqgB+sjiw==}
    engines: {node: '>= 12.0.0'}
    cpu: [arm64]
    os: [linux]

  lightningcss-linux-arm64-musl@1.28.2:
    resolution: {integrity: sha512-1SPG1ZTNnphWvAv8RVOymlZ8BDtAg69Hbo7n4QxARvkFVCJAt0cgjAw1Fox0WEhf4PwnyoOBaVH0Z5YNgzt4dA==}
    engines: {node: '>= 12.0.0'}
    cpu: [arm64]
    os: [linux]

  lightningcss-linux-x64-gnu@1.28.2:
    resolution: {integrity: sha512-ZhQy0FcO//INWUdo/iEdbefntTdpPVQ0XJwwtdbBuMQe+uxqZoytm9M+iqR9O5noWFaxK+nbS2iR/I80Q2Ofpg==}
    engines: {node: '>= 12.0.0'}
    cpu: [x64]
    os: [linux]

  lightningcss-linux-x64-musl@1.28.2:
    resolution: {integrity: sha512-alb/j1NMrgQmSFyzTbN1/pvMPM+gdDw7YBuQ5VSgcFDypN3Ah0BzC2dTZbzwzaMdUVDszX6zH5MzjfVN1oGuww==}
    engines: {node: '>= 12.0.0'}
    cpu: [x64]
    os: [linux]

  lightningcss-win32-arm64-msvc@1.28.2:
    resolution: {integrity: sha512-WnwcjcBeAt0jGdjlgbT9ANf30pF0C/QMb1XnLnH272DQU8QXh+kmpi24R55wmWBwaTtNAETZ+m35ohyeMiNt+g==}
    engines: {node: '>= 12.0.0'}
    cpu: [arm64]
    os: [win32]

  lightningcss-win32-x64-msvc@1.28.2:
    resolution: {integrity: sha512-3piBifyT3avz22o6mDKywQC/OisH2yDK+caHWkiMsF82i3m5wDBadyCjlCQ5VNgzYkxrWZgiaxHDdd5uxsi0/A==}
    engines: {node: '>= 12.0.0'}
    cpu: [x64]
    os: [win32]

  lightningcss@1.28.2:
    resolution: {integrity: sha512-ePLRrbt3fgjXI5VFZOLbvkLD5ZRuxGKm+wJ3ujCqBtL3NanDHPo/5zicR5uEKAPiIjBYF99BM4K4okvMznjkVA==}
    engines: {node: '>= 12.0.0'}

  nanoid@3.3.8:
    resolution: {integrity: sha512-WNLf5Sd8oZxOm+TzppcYk8gVOgP+l58xNy58D0nbUnOxOWRWvlcCV4kUF7ltmI6PsrLl/BgKEyS4mqsGChFN0w==}
    engines: {node: ^10 || ^12 || ^13.7 || ^14 || >=15.0.1}
    hasBin: true

  picocolors@1.1.1:
    resolution: {integrity: sha512-xceH2snhtb5M9liqDsmEw56le376mTZkEX/jEb/RxNFyegNul7eNslCXP9FDj/Lcu0X8KEyMceP2ntpaHrDEVA==}

  postcss@8.4.49:
    resolution: {integrity: sha512-OCVPnIObs4N29kxTjzLfUryOkvZEq+pf8jTF0lg8E7uETuWHA+v7j3c/xJmiqpX450191LlmZfUKkXxkTry7nA==}
    engines: {node: ^10 || ^12 || >=14}

  rollup@4.30.0:
    resolution: {integrity: sha512-sDnr1pcjTgUT69qBksNF1N1anwfbyYG6TBQ22b03bII8EdiUQ7J0TlozVaTMjT/eEJAO49e1ndV7t+UZfL1+vA==}
    engines: {node: '>=18.0.0', npm: '>=8.0.0'}
    hasBin: true

  source-map-js@1.2.1:
    resolution: {integrity: sha512-UXWMKhLOwVKb728IUtQPXxfYU+usdybtUrK/8uGE8CQMvrhOpwvzDBwj0QhSL7MQc7vIsISBG8VQ8+IDQxpfQA==}
    engines: {node: '>=0.10.0'}

  typescript@5.7.2:
    resolution: {integrity: sha512-i5t66RHxDvVN40HfDd1PsEThGNnlMCMT3jMUuoh9/0TaqWevNontacunWyN02LA9/fIbEWlcHZcgTKb9QoaLfg==}
    engines: {node: '>=14.17'}
    hasBin: true

  undici-types@6.19.8:
    resolution: {integrity: sha512-ve2KP6f/JnbPBFyobGHuerC9g1FYGn/F8n1LWTwNxCEzd6IfqTwUQcNXgEtmmQ6DlRrC1hrSrBnCZPokRrDHjw==}

  vite@5.4.11:
    resolution: {integrity: sha512-c7jFQRklXua0mTzneGW9QVyxFjUgwcihC4bXEtujIo2ouWCe1Ajt/amn2PCxYnhYfd5k09JX3SB7OYWFKYqj8Q==}
    engines: {node: ^18.0.0 || >=20.0.0}
    hasBin: true
    peerDependencies:
      '@types/node': ^18.0.0 || >=20.0.0
      less: '*'
      lightningcss: ^1.21.0
      sass: '*'
      sass-embedded: '*'
      stylus: '*'
      sugarss: '*'
      terser: ^5.4.0
    peerDependenciesMeta:
      '@types/node':
        optional: true
      less:
        optional: true
      lightningcss:
        optional: true
      sass:
        optional: true
      sass-embedded:
        optional: true
      stylus:
        optional: true
      sugarss:
        optional: true
      terser:
        optional: true

snapshots:

  '@esbuild/aix-ppc64@0.21.5':
    optional: true

  '@esbuild/android-arm64@0.21.5':
    optional: true

  '@esbuild/android-arm@0.21.5':
    optional: true

  '@esbuild/android-x64@0.21.5':
    optional: true

  '@esbuild/darwin-arm64@0.21.5':
    optional: true

  '@esbuild/darwin-x64@0.21.5':
    optional: true

  '@esbuild/freebsd-arm64@0.21.5':
    optional: true

  '@esbuild/freebsd-x64@0.21.5':
    optional: true

  '@esbuild/linux-arm64@0.21.5':
    optional: true

  '@esbuild/linux-arm@0.21.5':
    optional: true

  '@esbuild/linux-ia32@0.21.5':
    optional: true

  '@esbuild/linux-loong64@0.21.5':
    optional: true

  '@esbuild/linux-mips64el@0.21.5':
    optional: true

  '@esbuild/linux-ppc64@0.21.5':
    optional: true

  '@esbuild/linux-riscv64@0.21.5':
    optional: true

  '@esbuild/linux-s390x@0.21.5':
    optional: true

  '@esbuild/linux-x64@0.21.5':
    optional: true

  '@esbuild/netbsd-x64@0.21.5':
    optional: true

  '@esbuild/openbsd-x64@0.21.5':
    optional: true

  '@esbuild/sunos-x64@0.21.5':
    optional: true

  '@esbuild/win32-arm64@0.21.5':
    optional: true

  '@esbuild/win32-ia32@0.21.5':
    optional: true

  '@esbuild/win32-x64@0.21.5':
    optional: true

  '@rollup/rollup-android-arm-eabi@4.30.0':
    optional: true

  '@rollup/rollup-android-arm64@4.30.0':
    optional: true

  '@rollup/rollup-darwin-arm64@4.30.0':
    optional: true

  '@rollup/rollup-darwin-x64@4.30.0':
    optional: true

  '@rollup/rollup-freebsd-arm64@4.30.0':
    optional: true

  '@rollup/rollup-freebsd-x64@4.30.0':
    optional: true

  '@rollup/rollup-linux-arm-gnueabihf@4.30.0':
    optional: true

  '@rollup/rollup-linux-arm-musleabihf@4.30.0':
    optional: true

  '@rollup/rollup-linux-arm64-gnu@4.30.0':
    optional: true

  '@rollup/rollup-linux-arm64-musl@4.30.0':
    optional: true

  '@rollup/rollup-linux-loongarch64-gnu@4.30.0':
    optional: true

  '@rollup/rollup-linux-powerpc64le-gnu@4.30.0':
    optional: true

  '@rollup/rollup-linux-riscv64-gnu@4.30.0':
    optional: true

  '@rollup/rollup-linux-s390x-gnu@4.30.0':
    optional: true

  '@rollup/rollup-linux-x64-gnu@4.30.0':
    optional: true

  '@rollup/rollup-linux-x64-musl@4.30.0':
    optional: true

  '@rollup/rollup-win32-arm64-msvc@4.30.0':
    optional: true

  '@rollup/rollup-win32-ia32-msvc@4.30.0':
    optional: true

  '@rollup/rollup-win32-x64-msvc@4.30.0':
    optional: true

  '@types/estree@1.0.6': {}

  '@types/node@20.17.12':
    dependencies:
      undici-types: 6.19.8

  detect-libc@1.0.3: {}

  esbuild@0.21.5:
    optionalDependencies:
      '@esbuild/aix-ppc64': 0.21.5
      '@esbuild/android-arm': 0.21.5
      '@esbuild/android-arm64': 0.21.5
      '@esbuild/android-x64': 0.21.5
      '@esbuild/darwin-arm64': 0.21.5
      '@esbuild/darwin-x64': 0.21.5
      '@esbuild/freebsd-arm64': 0.21.5
      '@esbuild/freebsd-x64': 0.21.5
      '@esbuild/linux-arm': 0.21.5
      '@esbuild/linux-arm64': 0.21.5
      '@esbuild/linux-ia32': 0.21.5
      '@esbuild/linux-loong64': 0.21.5
      '@esbuild/linux-mips64el': 0.21.5
      '@esbuild/linux-ppc64': 0.21.5
      '@esbuild/linux-riscv64': 0.21.5
      '@esbuild/linux-s390x': 0.21.5
      '@esbuild/linux-x64': 0.21.5
      '@esbuild/netbsd-x64': 0.21.5
      '@esbuild/openbsd-x64': 0.21.5
      '@esbuild/sunos-x64': 0.21.5
      '@esbuild/win32-arm64': 0.21.5
      '@esbuild/win32-ia32': 0.21.5
      '@esbuild/win32-x64': 0.21.5

  fsevents@2.3.3:
    optional: true

  lightningcss-darwin-arm64@1.28.2:
    optional: true

  lightningcss-darwin-x64@1.28.2:
    optional: true

  lightningcss-freebsd-x64@1.28.2:
    optional: true

  lightningcss-linux-arm-gnueabihf@1.28.2:
    optional: true

  lightningcss-linux-arm64-gnu@1.28.2:
    optional: true

  lightningcss-linux-arm64-musl@1.28.2:
    optional: true

  lightningcss-linux-x64-gnu@1.28.2:
    optional: true

  lightningcss-linux-x64-musl@1.28.2:
    optional: true

  lightningcss-win32-arm64-msvc@1.28.2:
    optional: true

  lightningcss-win32-x64-msvc@1.28.2:
    optional: true

  lightningcss@1.28.2:
    dependencies:
      detect-libc: 1.0.3
    optionalDependencies:
      lightningcss-darwin-arm64: 1.28.2
      lightningcss-darwin-x64: 1.28.2
      lightningcss-freebsd-x64: 1.28.2
      lightningcss-linux-arm-gnueabihf: 1.28.2
      lightningcss-linux-arm64-gnu: 1.28.2
      lightningcss-linux-arm64-musl: 1.28.2
      lightningcss-linux-x64-gnu: 1.28.2
      lightningcss-linux-x64-musl: 1.28.2
      lightningcss-win32-arm64-msvc: 1.28.2
      lightningcss-win32-x64-msvc: 1.28.2

  nanoid@3.3.8: {}

  picocolors@1.1.1: {}

  postcss@8.4.49:
    dependencies:
      nanoid: 3.3.8
      picocolors: 1.1.1
      source-map-js: 1.2.1

  rollup@4.30.0:
    dependencies:
      '@types/estree': 1.0.6
    optionalDependencies:
      '@rollup/rollup-android-arm-eabi': 4.30.0
      '@rollup/rollup-android-arm64': 4.30.0
      '@rollup/rollup-darwin-arm64': 4.30.0
      '@rollup/rollup-darwin-x64': 4.30.0
      '@rollup/rollup-freebsd-arm64': 4.30.0
      '@rollup/rollup-freebsd-x64': 4.30.0
      '@rollup/rollup-linux-arm-gnueabihf': 4.30.0
      '@rollup/rollup-linux-arm-musleabihf': 4.30.0
      '@rollup/rollup-linux-arm64-gnu': 4.30.0
      '@rollup/rollup-linux-arm64-musl': 4.30.0
      '@rollup/rollup-linux-loongarch64-gnu': 4.30.0
      '@rollup/rollup-linux-powerpc64le-gnu': 4.30.0
      '@rollup/rollup-linux-riscv64-gnu': 4.30.0
      '@rollup/rollup-linux-s390x-gnu': 4.30.0
      '@rollup/rollup-linux-x64-gnu': 4.30.0
      '@rollup/rollup-linux-x64-musl': 4.30.0
      '@rollup/rollup-win32-arm64-msvc': 4.30.0
      '@rollup/rollup-win32-ia32-msvc': 4.30.0
      '@rollup/rollup-win32-x64-msvc': 4.30.0
      fsevents: 2.3.3

  source-map-js@1.2.1: {}

  typescript@5.7.2: {}

  undici-types@6.19.8: {}

  vite@5.4.11(@types/node@20.17.12)(lightningcss@1.28.2):
    dependencies:
      esbuild: 0.21.5
      postcss: 8.4.49
      rollup: 4.30.0
    optionalDependencies:
      '@types/node': 20.17.12
      fsevents: 2.3.3
      lightningcss: 1.28.2
